// !$*UTF8*$!
{
	archiveVersion = 1;
	classes = {
	};
	objectVersion = 54;
	objects = {

/* Begin PBXBuildFile section */
		D00147042550DDBF0015B672 /* BluetoothData.swift in Sources */ = {isa = PBXBuildFile; fileRef = D00147032550DDBF0015B672 /* BluetoothData.swift */; };
		D00147072550DE9F0015B672 /* BluetoothDelegate.swift in Sources */ = {isa = PBXBuildFile; fileRef = D00147062550DE9F0015B672 /* BluetoothDelegate.swift */; };
		D01A9680256459A30061B9B2 /* CoreDataService.swift in Sources */ = {isa = PBXBuildFile; fileRef = D01A967F256459A30061B9B2 /* CoreDataService.swift */; };
		D01A9683256459E10061B9B2 /* RideCalculator.swift in Sources */ = {isa = PBXBuildFile; fileRef = D01A9682256459E10061B9B2 /* RideCalculator.swift */; };
		D01A968A2566964D0061B9B2 /* RideViewModel.swift in Sources */ = {isa = PBXBuildFile; fileRef = D01A96892566964D0061B9B2 /* RideViewModel.swift */; };
		D02BE893257517A700509E50 /* RideDetailsView.swift in Sources */ = {isa = PBXBuildFile; fileRef = D02BE892257517A700509E50 /* RideDetailsView.swift */; };
		D03335BA2594C1DA00983F12 /* RecordEditingHostingController.swift in Sources */ = {isa = PBXBuildFile; fileRef = D03335B92594C1DA00983F12 /* RecordEditingHostingController.swift */; };
		D034189C2535F7DA001AD367 /* LocationDelegate.swift in Sources */ = {isa = PBXBuildFile; fileRef = D03418982535F7DA001AD367 /* LocationDelegate.swift */; };
		D034189D2535F7DA001AD367 /* AppDelegate.swift in Sources */ = {isa = PBXBuildFile; fileRef = D03418992535F7DA001AD367 /* AppDelegate.swift */; };
		D034189E2535F7DA001AD367 /* RideDelegate.swift in Sources */ = {isa = PBXBuildFile; fileRef = D034189A2535F7DA001AD367 /* RideDelegate.swift */; };
		D034189F2535F7DA001AD367 /* GPSDelegate.swift in Sources */ = {isa = PBXBuildFile; fileRef = D034189B2535F7DA001AD367 /* GPSDelegate.swift */; };
		D03F02A525C99D7500607E5D /* TcxDataProtocol in Frameworks */ = {isa = PBXBuildFile; productRef = D03F02A425C99D7500607E5D /* TcxDataProtocol */; };
		D03F02A825C9D5A700607E5D /* RecordingPreferencesManager.swift in Sources */ = {isa = PBXBuildFile; fileRef = D03F02A725C9D5A700607E5D /* RecordingPreferencesManager.swift */; };
		D05374462536467700C6FB91 /* CyclingAnalyticsData.swift in Sources */ = {isa = PBXBuildFile; fileRef = D05374452536467700C6FB91 /* CyclingAnalyticsData.swift */; };
		D055FA2E252F907000D5ECA4 /* Constants.swift in Sources */ = {isa = PBXBuildFile; fileRef = D055FA2D252F907000D5ECA4 /* Constants.swift */; };
		D057645E258A2EF4009D6DBC /* CustomTableViewCell.swift in Sources */ = {isa = PBXBuildFile; fileRef = D057645C258A2EF4009D6DBC /* CustomTableViewCell.swift */; };
		D057645F258A2EF4009D6DBC /* CustomTableViewCell.xib in Resources */ = {isa = PBXBuildFile; fileRef = D057645D258A2EF4009D6DBC /* CustomTableViewCell.xib */; };
		D06B08A12535F82400553105 /* MapViewController.swift in Sources */ = {isa = PBXBuildFile; fileRef = D06B089E2535F82400553105 /* MapViewController.swift */; };
		D06B08A22535F82400553105 /* SettingsViewController.swift in Sources */ = {isa = PBXBuildFile; fileRef = D06B089F2535F82400553105 /* SettingsViewController.swift */; };
		D06B08A32535F82400553105 /* ViewController.swift in Sources */ = {isa = PBXBuildFile; fileRef = D06B08A02535F82400553105 /* ViewController.swift */; };
		D06B08A92535F84400553105 /* CyclingAnalyticsManager.swift in Sources */ = {isa = PBXBuildFile; fileRef = D06B08A62535F84400553105 /* CyclingAnalyticsManager.swift */; };
		D06B08AA2535F84400553105 /* LocationManager.swift in Sources */ = {isa = PBXBuildFile; fileRef = D06B08A72535F84400553105 /* LocationManager.swift */; };
		D06B08AF2535F85C00553105 /* DeviceManager.swift in Sources */ = {isa = PBXBuildFile; fileRef = D06B08AE2535F85C00553105 /* DeviceManager.swift */; };
		D06D79862527BCE4001961E3 /* TCXHandler.swift in Sources */ = {isa = PBXBuildFile; fileRef = D06D79852527BCE4001961E3 /* TCXHandler.swift */; };
		D06D7998252CED17001961E3 /* GPSData.swift in Sources */ = {isa = PBXBuildFile; fileRef = D06D7997252CED17001961E3 /* GPSData.swift */; };
		D06F20C125914DB10052C629 /* RecordEditor.swift in Sources */ = {isa = PBXBuildFile; fileRef = D06F20C025914DB10052C629 /* RecordEditor.swift */; };
		D07841602575599A00941B86 /* LapViewModel.swift in Sources */ = {isa = PBXBuildFile; fileRef = D078415F2575599A00941B86 /* LapViewModel.swift */; };
		D078416525758EF200941B86 /* SwiftUICharts in Frameworks */ = {isa = PBXBuildFile; productRef = D078416425758EF200941B86 /* SwiftUICharts */; };
		D08253B7256C605C0023D6C5 /* ActivityFeedHostingController.swift in Sources */ = {isa = PBXBuildFile; fileRef = D08253B6256C605C0023D6C5 /* ActivityFeedHostingController.swift */; };
		D08253BC256C62F30023D6C5 /* ActivityView.swift in Sources */ = {isa = PBXBuildFile; fileRef = D08253BA256C62F30023D6C5 /* ActivityView.swift */; };
		D08253BF256C63020023D6C5 /* RideResult.swift in Sources */ = {isa = PBXBuildFile; fileRef = D08253BE256C63020023D6C5 /* RideResult.swift */; };
		D093A77C251A4AE200241E7E /* PeripheralData.swift in Sources */ = {isa = PBXBuildFile; fileRef = D093A77B251A4AE200241E7E /* PeripheralData.swift */; };
		D0982ADB2675907F00AFF782 /* BlankInitialView.swift in Sources */ = {isa = PBXBuildFile; fileRef = D0982ADA2675907F00AFF782 /* BlankInitialView.swift */; };
		D0AB73B4255F038E0090B1DF /* Extensions.swift in Sources */ = {isa = PBXBuildFile; fileRef = D0AB73B3255F038E0090B1DF /* Extensions.swift */; };
		D0AE8866263B360F00CB0307 /* Operators.swift in Sources */ = {isa = PBXBuildFile; fileRef = D0AE8865263B360F00CB0307 /* Operators.swift */; };
		D0BF2C32262773A9002B3620 /* PowerMeterData.swift in Sources */ = {isa = PBXBuildFile; fileRef = D0BF2C31262773A9002B3620 /* PowerMeterData.swift */; };
		D0BF2C452630A403002B3620 /* CompletedRide+CoreDataClass.swift in Sources */ = {isa = PBXBuildFile; fileRef = D0BF2C442630A403002B3620 /* CompletedRide+CoreDataClass.swift */; };
		D0BF2C482630A43A002B3620 /* CompletedRide+CoreDataProperties.swift in Sources */ = {isa = PBXBuildFile; fileRef = D0BF2C472630A43A002B3620 /* CompletedRide+CoreDataProperties.swift */; };
		D0BF2C4B2630A45B002B3620 /* Laps+CoreDataClass.swift in Sources */ = {isa = PBXBuildFile; fileRef = D0BF2C4A2630A45B002B3620 /* Laps+CoreDataClass.swift */; };
		D0BF2C4E2630A487002B3620 /* Laps+CoreDataProperties.swift in Sources */ = {isa = PBXBuildFile; fileRef = D0BF2C4D2630A487002B3620 /* Laps+CoreDataProperties.swift */; };
		D0C757F22508FA1200C923C4 /* AStar.xcdatamodeld in Sources */ = {isa = PBXBuildFile; fileRef = D0C757F02508FA1200C923C4 /* AStar.xcdatamodeld */; };
		D0D329102503BF2B003CC73A /* Main.storyboard in Resources */ = {isa = PBXBuildFile; fileRef = D0D3290E2503BF2B003CC73A /* Main.storyboard */; };
		D0D329122503BF2B003CC73A /* Assets.xcassets in Resources */ = {isa = PBXBuildFile; fileRef = D0D329112503BF2B003CC73A /* Assets.xcassets */; };
		D0D329152503BF2B003CC73A /* LaunchScreen.storyboard in Resources */ = {isa = PBXBuildFile; fileRef = D0D329132503BF2B003CC73A /* LaunchScreen.storyboard */; };
		D0D6227D258406AE00792442 /* Persistence.swift in Sources */ = {isa = PBXBuildFile; fileRef = D0D6227C258406AE00792442 /* Persistence.swift */; };
		D0FF579E253F840A00265638 /* StravaManager.swift in Sources */ = {isa = PBXBuildFile; fileRef = D0FF579D253F840A00265638 /* StravaManager.swift */; };
		D0FF57AA2540CC5500265638 /* StravaData.swift in Sources */ = {isa = PBXBuildFile; fileRef = D0FF57A92540CC5500265638 /* StravaData.swift */; };
/* End PBXBuildFile section */

/* Begin PBXFileReference section */
		D00147032550DDBF0015B672 /* BluetoothData.swift */ = {isa = PBXFileReference; lastKnownFileType = sourcecode.swift; path = BluetoothData.swift; sourceTree = "<group>"; };
		D00147062550DE9F0015B672 /* BluetoothDelegate.swift */ = {isa = PBXFileReference; lastKnownFileType = sourcecode.swift; path = BluetoothDelegate.swift; sourceTree = "<group>"; };
		D01A967F256459A30061B9B2 /* CoreDataService.swift */ = {isa = PBXFileReference; lastKnownFileType = sourcecode.swift; name = CoreDataService.swift; path = /Users/justin/Projects/Astar/Astar/Managers/CoreDataService.swift; sourceTree = "<absolute>"; };
		D01A9682256459E10061B9B2 /* RideCalculator.swift */ = {isa = PBXFileReference; lastKnownFileType = sourcecode.swift; path = RideCalculator.swift; sourceTree = "<group>"; };
		D01A96892566964D0061B9B2 /* RideViewModel.swift */ = {isa = PBXFileReference; lastKnownFileType = sourcecode.swift; path = RideViewModel.swift; sourceTree = "<group>"; };
		D02BE892257517A700509E50 /* RideDetailsView.swift */ = {isa = PBXFileReference; lastKnownFileType = sourcecode.swift; path = RideDetailsView.swift; sourceTree = "<group>"; };
		D03335B92594C1DA00983F12 /* RecordEditingHostingController.swift */ = {isa = PBXFileReference; lastKnownFileType = sourcecode.swift; path = RecordEditingHostingController.swift; sourceTree = "<group>"; };
		D03418982535F7DA001AD367 /* LocationDelegate.swift */ = {isa = PBXFileReference; fileEncoding = 4; lastKnownFileType = sourcecode.swift; path = LocationDelegate.swift; sourceTree = "<group>"; };
		D03418992535F7DA001AD367 /* AppDelegate.swift */ = {isa = PBXFileReference; fileEncoding = 4; lastKnownFileType = sourcecode.swift; path = AppDelegate.swift; sourceTree = "<group>"; };
		D034189A2535F7DA001AD367 /* RideDelegate.swift */ = {isa = PBXFileReference; fileEncoding = 4; lastKnownFileType = sourcecode.swift; path = RideDelegate.swift; sourceTree = "<group>"; };
		D034189B2535F7DA001AD367 /* GPSDelegate.swift */ = {isa = PBXFileReference; fileEncoding = 4; lastKnownFileType = sourcecode.swift; path = GPSDelegate.swift; sourceTree = "<group>"; };
		D03F02A725C9D5A700607E5D /* RecordingPreferencesManager.swift */ = {isa = PBXFileReference; lastKnownFileType = sourcecode.swift; name = RecordingPreferencesManager.swift; path = Astar/Managers/RecordingPreferencesManager.swift; sourceTree = SOURCE_ROOT; };
		D04F59922697437600FC8B5F /* AstarDebug.entitlements */ = {isa = PBXFileReference; lastKnownFileType = text.plist.entitlements; path = AstarDebug.entitlements; sourceTree = "<group>"; };
		D05374452536467700C6FB91 /* CyclingAnalyticsData.swift */ = {isa = PBXFileReference; lastKnownFileType = sourcecode.swift; path = CyclingAnalyticsData.swift; sourceTree = "<group>"; };
		D0539B42257150AA0008E651 /* Astar.entitlements */ = {isa = PBXFileReference; lastKnownFileType = text.plist.entitlements; path = Astar.entitlements; sourceTree = "<group>"; };
		D055FA2D252F907000D5ECA4 /* Constants.swift */ = {isa = PBXFileReference; lastKnownFileType = sourcecode.swift; path = Constants.swift; sourceTree = "<group>"; };
		D057645C258A2EF4009D6DBC /* CustomTableViewCell.swift */ = {isa = PBXFileReference; lastKnownFileType = sourcecode.swift; path = CustomTableViewCell.swift; sourceTree = "<group>"; };
		D057645D258A2EF4009D6DBC /* CustomTableViewCell.xib */ = {isa = PBXFileReference; lastKnownFileType = file.xib; path = CustomTableViewCell.xib; sourceTree = "<group>"; };
		D06B089E2535F82400553105 /* MapViewController.swift */ = {isa = PBXFileReference; fileEncoding = 4; lastKnownFileType = sourcecode.swift; path = MapViewController.swift; sourceTree = "<group>"; };
		D06B089F2535F82400553105 /* SettingsViewController.swift */ = {isa = PBXFileReference; fileEncoding = 4; lastKnownFileType = sourcecode.swift; path = SettingsViewController.swift; sourceTree = "<group>"; };
		D06B08A02535F82400553105 /* ViewController.swift */ = {isa = PBXFileReference; fileEncoding = 4; lastKnownFileType = sourcecode.swift; path = ViewController.swift; sourceTree = "<group>"; };
		D06B08A62535F84400553105 /* CyclingAnalyticsManager.swift */ = {isa = PBXFileReference; fileEncoding = 4; lastKnownFileType = sourcecode.swift; path = CyclingAnalyticsManager.swift; sourceTree = "<group>"; };
		D06B08A72535F84400553105 /* LocationManager.swift */ = {isa = PBXFileReference; fileEncoding = 4; lastKnownFileType = sourcecode.swift; path = LocationManager.swift; sourceTree = "<group>"; };
		D06B08AE2535F85C00553105 /* DeviceManager.swift */ = {isa = PBXFileReference; fileEncoding = 4; lastKnownFileType = sourcecode.swift; path = DeviceManager.swift; sourceTree = "<group>"; };
		D06D79852527BCE4001961E3 /* TCXHandler.swift */ = {isa = PBXFileReference; lastKnownFileType = sourcecode.swift; path = TCXHandler.swift; sourceTree = "<group>"; };
		D06D7997252CED17001961E3 /* GPSData.swift */ = {isa = PBXFileReference; lastKnownFileType = sourcecode.swift; path = GPSData.swift; sourceTree = "<group>"; };
		D06F20C025914DB10052C629 /* RecordEditor.swift */ = {isa = PBXFileReference; lastKnownFileType = sourcecode.swift; path = RecordEditor.swift; sourceTree = "<group>"; };
		D078415F2575599A00941B86 /* LapViewModel.swift */ = {isa = PBXFileReference; lastKnownFileType = sourcecode.swift; path = LapViewModel.swift; sourceTree = "<group>"; };
		D08253B6256C605C0023D6C5 /* ActivityFeedHostingController.swift */ = {isa = PBXFileReference; lastKnownFileType = sourcecode.swift; path = ActivityFeedHostingController.swift; sourceTree = "<group>"; };
		D08253BA256C62F30023D6C5 /* ActivityView.swift */ = {isa = PBXFileReference; fileEncoding = 4; lastKnownFileType = sourcecode.swift; path = ActivityView.swift; sourceTree = "<group>"; };
		D08253BE256C63020023D6C5 /* RideResult.swift */ = {isa = PBXFileReference; fileEncoding = 4; lastKnownFileType = sourcecode.swift; path = RideResult.swift; sourceTree = "<group>"; };
		D093A77B251A4AE200241E7E /* PeripheralData.swift */ = {isa = PBXFileReference; lastKnownFileType = sourcecode.swift; path = PeripheralData.swift; sourceTree = "<group>"; };
		D0982ADA2675907F00AFF782 /* BlankInitialView.swift */ = {isa = PBXFileReference; lastKnownFileType = sourcecode.swift; path = BlankInitialView.swift; sourceTree = "<group>"; };
		D0AB73B3255F038E0090B1DF /* Extensions.swift */ = {isa = PBXFileReference; lastKnownFileType = sourcecode.swift; path = Extensions.swift; sourceTree = "<group>"; };
		D0AE8865263B360F00CB0307 /* Operators.swift */ = {isa = PBXFileReference; fileEncoding = 4; lastKnownFileType = sourcecode.swift; path = Operators.swift; sourceTree = "<group>"; };
		D0BF2C31262773A9002B3620 /* PowerMeterData.swift */ = {isa = PBXFileReference; lastKnownFileType = sourcecode.swift; name = PowerMeterData.swift; path = Astar/Utils/PowerMeterData.swift; sourceTree = SOURCE_ROOT; };
		D0BF2C442630A403002B3620 /* CompletedRide+CoreDataClass.swift */ = {isa = PBXFileReference; lastKnownFileType = sourcecode.swift; path = "CompletedRide+CoreDataClass.swift"; sourceTree = "<group>"; };
		D0BF2C472630A43A002B3620 /* CompletedRide+CoreDataProperties.swift */ = {isa = PBXFileReference; lastKnownFileType = sourcecode.swift; path = "CompletedRide+CoreDataProperties.swift"; sourceTree = "<group>"; };
		D0BF2C4A2630A45B002B3620 /* Laps+CoreDataClass.swift */ = {isa = PBXFileReference; lastKnownFileType = sourcecode.swift; path = "Laps+CoreDataClass.swift"; sourceTree = "<group>"; };
		D0BF2C4D2630A487002B3620 /* Laps+CoreDataProperties.swift */ = {isa = PBXFileReference; lastKnownFileType = sourcecode.swift; path = "Laps+CoreDataProperties.swift"; sourceTree = "<group>"; };
		D0C757F12508FA1200C923C4 /* AStar.xcdatamodel */ = {isa = PBXFileReference; lastKnownFileType = wrapper.xcdatamodel; path = AStar.xcdatamodel; sourceTree = "<group>"; };
		D0D329052503BF2B003CC73A /* Astar.app */ = {isa = PBXFileReference; explicitFileType = wrapper.application; includeInIndex = 0; path = Astar.app; sourceTree = BUILT_PRODUCTS_DIR; };
		D0D3290F2503BF2B003CC73A /* Base */ = {isa = PBXFileReference; lastKnownFileType = file.storyboard; name = Base; path = Base.lproj/Main.storyboard; sourceTree = "<group>"; };
		D0D329112503BF2B003CC73A /* Assets.xcassets */ = {isa = PBXFileReference; lastKnownFileType = folder.assetcatalog; path = Assets.xcassets; sourceTree = "<group>"; };
		D0D329142503BF2B003CC73A /* Base */ = {isa = PBXFileReference; lastKnownFileType = file.storyboard; name = Base; path = Base.lproj/LaunchScreen.storyboard; sourceTree = "<group>"; };
		D0D329162503BF2B003CC73A /* Info.plist */ = {isa = PBXFileReference; lastKnownFileType = text.plist.xml; path = Info.plist; sourceTree = "<group>"; };
		D0D6227C258406AE00792442 /* Persistence.swift */ = {isa = PBXFileReference; lastKnownFileType = sourcecode.swift; path = Persistence.swift; sourceTree = "<group>"; };
		D0FF579D253F840A00265638 /* StravaManager.swift */ = {isa = PBXFileReference; lastKnownFileType = sourcecode.swift; path = StravaManager.swift; sourceTree = "<group>"; };
		D0FF57A92540CC5500265638 /* StravaData.swift */ = {isa = PBXFileReference; lastKnownFileType = sourcecode.swift; path = StravaData.swift; sourceTree = "<group>"; };
/* End PBXFileReference section */

/* Begin PBXFrameworksBuildPhase section */
		D0D329022503BF2B003CC73A /* Frameworks */ = {
			isa = PBXFrameworksBuildPhase;
			buildActionMask = 2147483647;
			files = (
				D078416525758EF200941B86 /* SwiftUICharts in Frameworks */,
				D03F02A525C99D7500607E5D /* TcxDataProtocol in Frameworks */,
			);
			runOnlyForDeploymentPostprocessing = 0;
		};
/* End PBXFrameworksBuildPhase section */

/* Begin PBXGroup section */
		4854A358B909476D69A44E28 /* Frameworks */ = {
			isa = PBXGroup;
			children = (
			);
			name = Frameworks;
			sourceTree = "<group>";
		};
		D055FA502534B54000D5ECA4 /* Data */ = {
			isa = PBXGroup;
			children = (
				D0BF2C472630A43A002B3620 /* CompletedRide+CoreDataProperties.swift */,
				D0BF2C4A2630A45B002B3620 /* Laps+CoreDataClass.swift */,
				D0BF2C4D2630A487002B3620 /* Laps+CoreDataProperties.swift */,
				D0C757F02508FA1200C923C4 /* AStar.xcdatamodeld */,
				D01A96892566964D0061B9B2 /* RideViewModel.swift */,
				D06D7997252CED17001961E3 /* GPSData.swift */,
				D08253BE256C63020023D6C5 /* RideResult.swift */,
				D093A77B251A4AE200241E7E /* PeripheralData.swift */,
				D05374452536467700C6FB91 /* CyclingAnalyticsData.swift */,
				D0FF57A92540CC5500265638 /* StravaData.swift */,
				D00147032550DDBF0015B672 /* BluetoothData.swift */,
				D078415F2575599A00941B86 /* LapViewModel.swift */,
				D0D6227C258406AE00792442 /* Persistence.swift */,
				D0BF2C442630A403002B3620 /* CompletedRide+CoreDataClass.swift */,
			);
			path = Data;
			sourceTree = "<group>";
		};
		D055FA572534B5D900D5ECA4 /* Storyboards */ = {
			isa = PBXGroup;
			children = (
				D0D329132503BF2B003CC73A /* LaunchScreen.storyboard */,
				D0D3290E2503BF2B003CC73A /* Main.storyboard */,
				D057645C258A2EF4009D6DBC /* CustomTableViewCell.swift */,
				D057645D258A2EF4009D6DBC /* CustomTableViewCell.xib */,
			);
			path = Storyboards;
			sourceTree = "<group>";
		};
		D055FA602534B7AE00D5ECA4 /* Managers */ = {
			isa = PBXGroup;
			children = (
				D03F02A725C9D5A700607E5D /* RecordingPreferencesManager.swift */,
				D01A967F256459A30061B9B2 /* CoreDataService.swift */,
				D06B08A62535F84400553105 /* CyclingAnalyticsManager.swift */,
				D06B08AE2535F85C00553105 /* DeviceManager.swift */,
				D0BF2C31262773A9002B3620 /* PowerMeterData.swift */,
				D0FF579D253F840A00265638 /* StravaManager.swift */,
				D06B08A72535F84400553105 /* LocationManager.swift */,
			);
			path = Managers;
			sourceTree = "<group>";
		};
		D06DD7A62577D8E500D0D760 /* Delegate */ = {
			isa = PBXGroup;
			children = (
				D00147062550DE9F0015B672 /* BluetoothDelegate.swift */,
				D03418992535F7DA001AD367 /* AppDelegate.swift */,
				D034189B2535F7DA001AD367 /* GPSDelegate.swift */,
				D03418982535F7DA001AD367 /* LocationDelegate.swift */,
				D034189A2535F7DA001AD367 /* RideDelegate.swift */,
			);
			path = Delegate;
			sourceTree = "<group>";
		};
		D06DD7A72577D94F00D0D760 /* View */ = {
			isa = PBXGroup;
			children = (
				D0982ADA2675907F00AFF782 /* BlankInitialView.swift */,
				D08253BA256C62F30023D6C5 /* ActivityView.swift */,
				D06B089F2535F82400553105 /* SettingsViewController.swift */,
				D06B089E2535F82400553105 /* MapViewController.swift */,
				D06B08A02535F82400553105 /* ViewController.swift */,
				D06F20C025914DB10052C629 /* RecordEditor.swift */,
				D08253B6256C605C0023D6C5 /* ActivityFeedHostingController.swift */,
				D02BE892257517A700509E50 /* RideDetailsView.swift */,
				D03335B92594C1DA00983F12 /* RecordEditingHostingController.swift */,
			);
			path = View;
			sourceTree = "<group>";
		};
		D0AB73B2255F03780090B1DF /* Utils */ = {
			isa = PBXGroup;
			children = (
				D0AB73B3255F038E0090B1DF /* Extensions.swift */,
				D06D79852527BCE4001961E3 /* TCXHandler.swift */,
				D0AE8865263B360F00CB0307 /* Operators.swift */,
				D01A9682256459E10061B9B2 /* RideCalculator.swift */,
			);
			path = Utils;
			sourceTree = "<group>";
		};
		D0D328FC2503BF2B003CC73A = {
			isa = PBXGroup;
			children = (
				D0D329072503BF2B003CC73A /* Astar */,
				D0D329062503BF2B003CC73A /* Products */,
				4854A358B909476D69A44E28 /* Frameworks */,
			);
			sourceTree = "<group>";
		};
		D0D329062503BF2B003CC73A /* Products */ = {
			isa = PBXGroup;
			children = (
				D0D329052503BF2B003CC73A /* Astar.app */,
			);
			name = Products;
			sourceTree = "<group>";
		};
		D0D329072503BF2B003CC73A /* Astar */ = {
			isa = PBXGroup;
			children = (
				D04F59922697437600FC8B5F /* AstarDebug.entitlements */,
				D06DD7A72577D94F00D0D760 /* View */,
				D06DD7A62577D8E500D0D760 /* Delegate */,
				D0539B42257150AA0008E651 /* Astar.entitlements */,
				D0AB73B2255F03780090B1DF /* Utils */,
				D055FA602534B7AE00D5ECA4 /* Managers */,
				D055FA572534B5D900D5ECA4 /* Storyboards */,
				D055FA502534B54000D5ECA4 /* Data */,
				D0D329112503BF2B003CC73A /* Assets.xcassets */,
				D0D329162503BF2B003CC73A /* Info.plist */,
				D055FA2D252F907000D5ECA4 /* Constants.swift */,
			);
			path = Astar;
			sourceTree = "<group>";
		};
/* End PBXGroup section */

/* Begin PBXNativeTarget section */
		D0D329042503BF2B003CC73A /* Astar */ = {
			isa = PBXNativeTarget;
			buildConfigurationList = D0D329192503BF2B003CC73A /* Build configuration list for PBXNativeTarget "Astar" */;
			buildPhases = (
				B576FBDAE4427E1E597C2048 /* [CP] Check Pods Manifest.lock */,
				D0D329012503BF2B003CC73A /* Sources */,
				D0D329022503BF2B003CC73A /* Frameworks */,
				D0D329032503BF2B003CC73A /* Resources */,
				601C9D0C287CC56965317F47 /* [CP] Embed Pods Frameworks */,
			);
			buildRules = (
			);
			dependencies = (
			);
			name = Astar;
			packageProductDependencies = (
				D078416425758EF200941B86 /* SwiftUICharts */,
				D03F02A425C99D7500607E5D /* TcxDataProtocol */,
			);
			productName = Astar;
			productReference = D0D329052503BF2B003CC73A /* Astar.app */;
			productType = "com.apple.product-type.application";
		};
/* End PBXNativeTarget section */

/* Begin PBXProject section */
		D0D328FD2503BF2B003CC73A /* Project object */ = {
			isa = PBXProject;
			attributes = {
				LastSwiftUpdateCheck = 1200;
				LastUpgradeCheck = 1200;
				TargetAttributes = {
					D0D329042503BF2B003CC73A = {
						CreatedOnToolsVersion = 12.0;
					};
				};
			};
			buildConfigurationList = D0D329002503BF2B003CC73A /* Build configuration list for PBXProject "Astar" */;
			compatibilityVersion = "Xcode 12.0";
			developmentRegion = en;
			hasScannedForEncodings = 0;
			knownRegions = (
				en,
				Base,
			);
			mainGroup = D0D328FC2503BF2B003CC73A;
			packageReferences = (
				D078416325758EF200941B86 /* XCRemoteSwiftPackageReference "SwiftUICharts" */,
				D02A9F2625C9998200F9D64F /* XCRemoteSwiftPackageReference "TcxDataProtocol" */,
			);
			productRefGroup = D0D329062503BF2B003CC73A /* Products */;
			projectDirPath = "";
			projectRoot = "";
			targets = (
				D0D329042503BF2B003CC73A /* Astar */,
			);
		};
/* End PBXProject section */

/* Begin PBXResourcesBuildPhase section */
		D0D329032503BF2B003CC73A /* Resources */ = {
			isa = PBXResourcesBuildPhase;
			buildActionMask = 2147483647;
			files = (
				D0D329152503BF2B003CC73A /* LaunchScreen.storyboard in Resources */,
				D0D329122503BF2B003CC73A /* Assets.xcassets in Resources */,
				D057645F258A2EF4009D6DBC /* CustomTableViewCell.xib in Resources */,
				D0D329102503BF2B003CC73A /* Main.storyboard in Resources */,
			);
			runOnlyForDeploymentPostprocessing = 0;
		};
/* End PBXResourcesBuildPhase section */

/* Begin PBXShellScriptBuildPhase section */
		601C9D0C287CC56965317F47 /* [CP] Embed Pods Frameworks */ = {
			isa = PBXShellScriptBuildPhase;
			alwaysOutOfDate = 1;
			buildActionMask = 2147483647;
			files = (
			);
			inputFileListPaths = (
			);
			name = "[CP] Embed Pods Frameworks";
			outputFileListPaths = (
			);
			runOnlyForDeploymentPostprocessing = 0;
			shellPath = /bin/sh;
			shellScript = "
";
			showEnvVarsInLog = 0;
		};
		B576FBDAE4427E1E597C2048 /* [CP] Check Pods Manifest.lock */ = {
			isa = PBXShellScriptBuildPhase;
			buildActionMask = 2147483647;
			files = (
			);
			inputFileListPaths = (
			);
			inputPaths = (
				"${PODS_PODFILE_DIR_PATH}/Podfile.lock",
				"${PODS_ROOT}/Manifest.lock",
			);
			name = "[CP] Check Pods Manifest.lock";
			outputFileListPaths = (
			);
			outputPaths = (
				"$(DERIVED_FILE_DIR)/Pods-Astar-checkManifestLockResult.txt",
			);
			runOnlyForDeploymentPostprocessing = 0;
			shellPath = /bin/sh;
			shellScript = "
";
			showEnvVarsInLog = 0;
		};
/* End PBXShellScriptBuildPhase section */

/* Begin PBXSourcesBuildPhase section */
		D0D329012503BF2B003CC73A /* Sources */ = {
			isa = PBXSourcesBuildPhase;
			buildActionMask = 2147483647;
			files = (
				D0FF57AA2540CC5500265638 /* StravaData.swift in Sources */,
				D0AE8866263B360F00CB0307 /* Operators.swift in Sources */,
				D057645E258A2EF4009D6DBC /* CustomTableViewCell.swift in Sources */,
				D0982ADB2675907F00AFF782 /* BlankInitialView.swift in Sources */,
				D0BF2C32262773A9002B3620 /* PowerMeterData.swift in Sources */,
				D05374462536467700C6FB91 /* CyclingAnalyticsData.swift in Sources */,
				D08253BF256C63020023D6C5 /* RideResult.swift in Sources */,
				D06B08A32535F82400553105 /* ViewController.swift in Sources */,
				D0BF2C482630A43A002B3620 /* CompletedRide+CoreDataProperties.swift in Sources */,
				D034189C2535F7DA001AD367 /* LocationDelegate.swift in Sources */,
				D034189F2535F7DA001AD367 /* GPSDelegate.swift in Sources */,
				D06D79862527BCE4001961E3 /* TCXHandler.swift in Sources */,
				D00147042550DDBF0015B672 /* BluetoothData.swift in Sources */,
				D02BE893257517A700509E50 /* RideDetailsView.swift in Sources */,
				D0BF2C452630A403002B3620 /* CompletedRide+CoreDataClass.swift in Sources */,
				D034189D2535F7DA001AD367 /* AppDelegate.swift in Sources */,
				D06B08A92535F84400553105 /* CyclingAnalyticsManager.swift in Sources */,
				D01A9683256459E10061B9B2 /* RideCalculator.swift in Sources */,
				D06B08A12535F82400553105 /* MapViewController.swift in Sources */,
				D06D7998252CED17001961E3 /* GPSData.swift in Sources */,
				D06B08A22535F82400553105 /* SettingsViewController.swift in Sources */,
				D01A968A2566964D0061B9B2 /* RideViewModel.swift in Sources */,
				D0BF2C4E2630A487002B3620 /* Laps+CoreDataProperties.swift in Sources */,
				D0BF2C4B2630A45B002B3620 /* Laps+CoreDataClass.swift in Sources */,
				D00147072550DE9F0015B672 /* BluetoothDelegate.swift in Sources */,
				D03F02A825C9D5A700607E5D /* RecordingPreferencesManager.swift in Sources */,
				D07841602575599A00941B86 /* LapViewModel.swift in Sources */,
				D093A77C251A4AE200241E7E /* PeripheralData.swift in Sources */,
				D0FF579E253F840A00265638 /* StravaManager.swift in Sources */,
				D01A9680256459A30061B9B2 /* CoreDataService.swift in Sources */,
				D06B08AA2535F84400553105 /* LocationManager.swift in Sources */,
				D034189E2535F7DA001AD367 /* RideDelegate.swift in Sources */,
				D06F20C125914DB10052C629 /* RecordEditor.swift in Sources */,
				D03335BA2594C1DA00983F12 /* RecordEditingHostingController.swift in Sources */,
				D0AB73B4255F038E0090B1DF /* Extensions.swift in Sources */,
				D0C757F22508FA1200C923C4 /* AStar.xcdatamodeld in Sources */,
				D08253BC256C62F30023D6C5 /* ActivityView.swift in Sources */,
				D06B08AF2535F85C00553105 /* DeviceManager.swift in Sources */,
				D055FA2E252F907000D5ECA4 /* Constants.swift in Sources */,
				D08253B7256C605C0023D6C5 /* ActivityFeedHostingController.swift in Sources */,
				D0D6227D258406AE00792442 /* Persistence.swift in Sources */,
			);
			runOnlyForDeploymentPostprocessing = 0;
		};
/* End PBXSourcesBuildPhase section */

/* Begin PBXVariantGroup section */
		D0D3290E2503BF2B003CC73A /* Main.storyboard */ = {
			isa = PBXVariantGroup;
			children = (
				D0D3290F2503BF2B003CC73A /* Base */,
			);
			name = Main.storyboard;
			sourceTree = "<group>";
		};
		D0D329132503BF2B003CC73A /* LaunchScreen.storyboard */ = {
			isa = PBXVariantGroup;
			children = (
				D0D329142503BF2B003CC73A /* Base */,
			);
			name = LaunchScreen.storyboard;
			sourceTree = "<group>";
		};
/* End PBXVariantGroup section */

/* Begin XCBuildConfiguration section */
		D0D329172503BF2B003CC73A /* Debug */ = {
			isa = XCBuildConfiguration;
			buildSettings = {
				ALWAYS_SEARCH_USER_PATHS = NO;
				CLANG_ANALYZER_NONNULL = YES;
				CLANG_ANALYZER_NUMBER_OBJECT_CONVERSION = YES_AGGRESSIVE;
				CLANG_CXX_LANGUAGE_STANDARD = "gnu++14";
				CLANG_CXX_LIBRARY = "libc++";
				CLANG_ENABLE_MODULES = YES;
				CLANG_ENABLE_OBJC_ARC = YES;
				CLANG_ENABLE_OBJC_WEAK = YES;
				CLANG_WARN_BLOCK_CAPTURE_AUTORELEASING = YES;
				CLANG_WARN_BOOL_CONVERSION = YES;
				CLANG_WARN_COMMA = YES;
				CLANG_WARN_CONSTANT_CONVERSION = YES;
				CLANG_WARN_DEPRECATED_OBJC_IMPLEMENTATIONS = YES;
				CLANG_WARN_DIRECT_OBJC_ISA_USAGE = YES_ERROR;
				CLANG_WARN_DOCUMENTATION_COMMENTS = YES;
				CLANG_WARN_EMPTY_BODY = YES;
				CLANG_WARN_ENUM_CONVERSION = YES;
				CLANG_WARN_INFINITE_RECURSION = YES;
				CLANG_WARN_INT_CONVERSION = YES;
				CLANG_WARN_NON_LITERAL_NULL_CONVERSION = YES;
				CLANG_WARN_OBJC_IMPLICIT_RETAIN_SELF = YES;
				CLANG_WARN_OBJC_LITERAL_CONVERSION = YES;
				CLANG_WARN_OBJC_ROOT_CLASS = YES_ERROR;
				CLANG_WARN_QUOTED_INCLUDE_IN_FRAMEWORK_HEADER = YES;
				CLANG_WARN_RANGE_LOOP_ANALYSIS = YES;
				CLANG_WARN_STRICT_PROTOTYPES = YES;
				CLANG_WARN_SUSPICIOUS_MOVE = YES;
				CLANG_WARN_UNGUARDED_AVAILABILITY = YES_AGGRESSIVE;
				CLANG_WARN_UNREACHABLE_CODE = YES;
				CLANG_WARN__DUPLICATE_METHOD_MATCH = YES;
				COPY_PHASE_STRIP = NO;
				DEBUG_INFORMATION_FORMAT = "dwarf-with-dsym";
				ENABLE_STRICT_OBJC_MSGSEND = YES;
				ENABLE_TESTABILITY = YES;
				GCC_C_LANGUAGE_STANDARD = gnu11;
				GCC_DYNAMIC_NO_PIC = NO;
				GCC_NO_COMMON_BLOCKS = YES;
				GCC_OPTIMIZATION_LEVEL = 0;
				GCC_PREPROCESSOR_DEFINITIONS = (
					"DEBUG=1",
					"$(inherited)",
				);
				GCC_WARN_64_TO_32_BIT_CONVERSION = YES;
				GCC_WARN_ABOUT_RETURN_TYPE = YES_ERROR;
				GCC_WARN_UNDECLARED_SELECTOR = YES;
				GCC_WARN_UNINITIALIZED_AUTOS = YES_AGGRESSIVE;
				GCC_WARN_UNUSED_FUNCTION = YES;
				GCC_WARN_UNUSED_VARIABLE = YES;
				IPHONEOS_DEPLOYMENT_TARGET = 14.0;
				MTL_ENABLE_DEBUG_INFO = INCLUDE_SOURCE;
				MTL_FAST_MATH = YES;
				ONLY_ACTIVE_ARCH = YES;
				SDKROOT = iphoneos;
				SWIFT_ACTIVE_COMPILATION_CONDITIONS = DEBUG;
				SWIFT_OPTIMIZATION_LEVEL = "-Onone";
				SWIFT_VERSION = 5.0;
			};
			name = Debug;
		};
		D0D329182503BF2B003CC73A /* Release */ = {
			isa = XCBuildConfiguration;
			buildSettings = {
				ALWAYS_SEARCH_USER_PATHS = NO;
				CLANG_ANALYZER_NONNULL = YES;
				CLANG_ANALYZER_NUMBER_OBJECT_CONVERSION = YES_AGGRESSIVE;
				CLANG_CXX_LANGUAGE_STANDARD = "gnu++14";
				CLANG_CXX_LIBRARY = "libc++";
				CLANG_ENABLE_MODULES = YES;
				CLANG_ENABLE_OBJC_ARC = YES;
				CLANG_ENABLE_OBJC_WEAK = YES;
				CLANG_WARN_BLOCK_CAPTURE_AUTORELEASING = YES;
				CLANG_WARN_BOOL_CONVERSION = YES;
				CLANG_WARN_COMMA = YES;
				CLANG_WARN_CONSTANT_CONVERSION = YES;
				CLANG_WARN_DEPRECATED_OBJC_IMPLEMENTATIONS = YES;
				CLANG_WARN_DIRECT_OBJC_ISA_USAGE = YES_ERROR;
				CLANG_WARN_DOCUMENTATION_COMMENTS = YES;
				CLANG_WARN_EMPTY_BODY = YES;
				CLANG_WARN_ENUM_CONVERSION = YES;
				CLANG_WARN_INFINITE_RECURSION = YES;
				CLANG_WARN_INT_CONVERSION = YES;
				CLANG_WARN_NON_LITERAL_NULL_CONVERSION = YES;
				CLANG_WARN_OBJC_IMPLICIT_RETAIN_SELF = YES;
				CLANG_WARN_OBJC_LITERAL_CONVERSION = YES;
				CLANG_WARN_OBJC_ROOT_CLASS = YES_ERROR;
				CLANG_WARN_QUOTED_INCLUDE_IN_FRAMEWORK_HEADER = YES;
				CLANG_WARN_RANGE_LOOP_ANALYSIS = YES;
				CLANG_WARN_STRICT_PROTOTYPES = YES;
				CLANG_WARN_SUSPICIOUS_MOVE = YES;
				CLANG_WARN_UNGUARDED_AVAILABILITY = YES_AGGRESSIVE;
				CLANG_WARN_UNREACHABLE_CODE = YES;
				CLANG_WARN__DUPLICATE_METHOD_MATCH = YES;
				COPY_PHASE_STRIP = NO;
				DEBUG_INFORMATION_FORMAT = "dwarf-with-dsym";
				ENABLE_NS_ASSERTIONS = NO;
				ENABLE_STRICT_OBJC_MSGSEND = YES;
				GCC_C_LANGUAGE_STANDARD = gnu11;
				GCC_NO_COMMON_BLOCKS = YES;
				GCC_WARN_64_TO_32_BIT_CONVERSION = YES;
				GCC_WARN_ABOUT_RETURN_TYPE = YES_ERROR;
				GCC_WARN_UNDECLARED_SELECTOR = YES;
				GCC_WARN_UNINITIALIZED_AUTOS = YES_AGGRESSIVE;
				GCC_WARN_UNUSED_FUNCTION = YES;
				GCC_WARN_UNUSED_VARIABLE = YES;
				IPHONEOS_DEPLOYMENT_TARGET = 14.0;
				MTL_ENABLE_DEBUG_INFO = NO;
				MTL_FAST_MATH = YES;
				SDKROOT = iphoneos;
				SWIFT_COMPILATION_MODE = wholemodule;
				SWIFT_OPTIMIZATION_LEVEL = "-O";
				SWIFT_VERSION = 5.0;
				VALIDATE_PRODUCT = YES;
			};
			name = Release;
		};
		D0D3291A2503BF2B003CC73A /* Debug */ = {
			isa = XCBuildConfiguration;
			buildSettings = {
				ASSETCATALOG_COMPILER_APPICON_NAME = AppIcon;
				ASSETCATALOG_COMPILER_GLOBAL_ACCENT_COLOR_NAME = AccentColor;
				CODE_SIGN_ENTITLEMENTS = Astar/AstarDebug.entitlements;
				CODE_SIGN_STYLE = Automatic;
				CURRENT_PROJECT_VERSION = 2;
				DEBUG_INFORMATION_FORMAT = "dwarf-with-dsym";
				DEVELOPMENT_TEAM = 2BY8MZ9P4A;
				INFOPLIST_FILE = Astar/Info.plist;
				IPHONEOS_DEPLOYMENT_TARGET = 14.2;
				LD_RUNPATH_SEARCH_PATHS = (
					"$(inherited)",
					"@executable_path/Frameworks",
				);
				MARKETING_VERSION = 1.1;
				PRODUCT_BUNDLE_IDENTIFIER = com.shampoo.astarbike;
				PRODUCT_NAME = "$(TARGET_NAME)";
				SWIFT_VERSION = 5.0;
				TARGETED_DEVICE_FAMILY = "1,2";
				VERSIONING_SYSTEM = "apple-generic";
			};
			name = Debug;
		};
		D0D3291B2503BF2B003CC73A /* Release */ = {
			isa = XCBuildConfiguration;
			buildSettings = {
				ASSETCATALOG_COMPILER_APPICON_NAME = AppIcon;
				ASSETCATALOG_COMPILER_GLOBAL_ACCENT_COLOR_NAME = AccentColor;
				CODE_SIGN_ENTITLEMENTS = Astar/Astar.entitlements;
				CODE_SIGN_STYLE = Automatic;
				CURRENT_PROJECT_VERSION = 2;
				DEVELOPMENT_TEAM = 2BY8MZ9P4A;
				INFOPLIST_FILE = Astar/Info.plist;
				IPHONEOS_DEPLOYMENT_TARGET = 14.2;
				LD_RUNPATH_SEARCH_PATHS = (
					"$(inherited)",
					"@executable_path/Frameworks",
				);
				MARKETING_VERSION = 1.1;
				PRODUCT_BUNDLE_IDENTIFIER = com.shampoo.astarbike;
				PRODUCT_NAME = "$(TARGET_NAME)";
				SWIFT_VERSION = 5.0;
				TARGETED_DEVICE_FAMILY = "1,2";
				VERSIONING_SYSTEM = "apple-generic";
			};
			name = Release;
		};
/* End XCBuildConfiguration section */

/* Begin XCConfigurationList section */
		D0D329002503BF2B003CC73A /* Build configuration list for PBXProject "Astar" */ = {
			isa = XCConfigurationList;
			buildConfigurations = (
				D0D329172503BF2B003CC73A /* Debug */,
				D0D329182503BF2B003CC73A /* Release */,
			);
			defaultConfigurationIsVisible = 0;
			defaultConfigurationName = Release;
		};
		D0D329192503BF2B003CC73A /* Build configuration list for PBXNativeTarget "Astar" */ = {
			isa = XCConfigurationList;
			buildConfigurations = (
				D0D3291A2503BF2B003CC73A /* Debug */,
				D0D3291B2503BF2B003CC73A /* Release */,
			);
			defaultConfigurationIsVisible = 0;
			defaultConfigurationName = Release;
		};
/* End XCConfigurationList section */

/* Begin XCRemoteSwiftPackageReference section */
		D02A9F2625C9998200F9D64F /* XCRemoteSwiftPackageReference "TcxDataProtocol" */ = {
			isa = XCRemoteSwiftPackageReference;
			repositoryURL = "https://github.com/FitnessKit/TcxDataProtocol";
			requirement = {
				kind = upToNextMajorVersion;
				minimumVersion = 1.0.1;
			};
		};
		D078416325758EF200941B86 /* XCRemoteSwiftPackageReference "SwiftUICharts" */ = {
			isa = XCRemoteSwiftPackageReference;
			repositoryURL = "https://github.com/mecid/SwiftUICharts.git";
			requirement = {
				kind = upToNextMajorVersion;
				minimumVersion = 0.3.2;
			};
		};
/* End XCRemoteSwiftPackageReference section */

/* Begin XCSwiftPackageProductDependency section */
		D03F02A425C99D7500607E5D /* TcxDataProtocol */ = {
			isa = XCSwiftPackageProductDependency;
			package = D02A9F2625C9998200F9D64F /* XCRemoteSwiftPackageReference "TcxDataProtocol" */;
			productName = TcxDataProtocol;
		};
		D078416425758EF200941B86 /* SwiftUICharts */ = {
			isa = XCSwiftPackageProductDependency;
			package = D078416325758EF200941B86 /* XCRemoteSwiftPackageReference "SwiftUICharts" */;
			productName = SwiftUICharts;
		};
/* End XCSwiftPackageProductDependency section */

/* Begin XCVersionGroup section */
		D0C757F02508FA1200C923C4 /* AStar.xcdatamodeld */ = {
			isa = XCVersionGroup;
			children = (
				D0C757F12508FA1200C923C4 /* AStar.xcdatamodel */,
			);
			currentVersion = D0C757F12508FA1200C923C4 /* AStar.xcdatamodel */;
			path = AStar.xcdatamodeld;
			sourceTree = "<group>";
			versionGroupType = wrapper.xcdatamodel;
		};
/* End XCVersionGroup section */
	};
	rootObject = D0D328FD2503BF2B003CC73A /* Project object */;
}
